
Microsoft Visual Studio Solution File, Format Version 12.00
# Visual Studio 14
VisualStudioVersion = 14.0.23107.0
MinimumVisualStudioVersion = 10.0.40219.1
Project("{FAE04EC0-301F-11D3-BF4B-00C04F79EFBC}") = "Final Project natalemma", "Final Project natalemma\Final Project natalemma.csproj", "{E6568778-C4D8-4E16-A322-ACB6A19F5A2D}"
EndProject
Global
	GlobalSection(SolutionConfigurationPlatforms) = preSolution
		Debug|Any CPU = Debug|Any CPU
		Release|Any CPU = Release|Any CPU
	EndGlobalSection
	GlobalSection(ProjectConfigurationPlatforms) = postSolution
		{E6568778-C4D8-4E16-A322-ACB6A19F5A2D}.Debug|Any CPU.ActiveCfg = Debug|Any CPU
		{E6568778-C4D8-4E16-A322-ACB6A19F5A2D}.Debug|Any CPU.Build.0 = Debug|Any CPU
		{E6568778-C4D8-4E16-A322-ACB6A19F5A2D}.Release|Any CPU.ActiveCfg = Release|Any CPU
		{E6568778-C4D8-4E16-A322-ACB6A19F5A2D}.Release|Any CPU.Build.0 = Release|Any CPU
	EndGlobalSection
	GlobalSection(SolutionProperties) = preSolution
		HideSolutionNode = FALSE
	EndGlobalSection
EndGlobal
